
Microsoft Visual Studio Solution File, Format Version 12.00
# Visual Studio Version 17
VisualStudioVersion = 17.4.33213.308
MinimumVisualStudioVersion = 10.0.40219.1
Project("{F184B08F-C81C-45F6-A57F-5ABD9991F28F}") = "Bars_in_MVVM_Application", "Bars_in_MVVM_Application\Bars_in_MVVM_Application.vbproj", "{09453127-C7E6-4A12-AB64-4F0BC4B6C1F1}"
EndProject
Global
	GlobalSection(SolutionConfigurationPlatforms) = preSolution
		Debug|Any CPU = Debug|Any CPU
		Release|Any CPU = Release|Any CPU
	EndGlobalSection
	GlobalSection(ProjectConfigurationPlatforms) = postSolution
		{09453127-C7E6-4A12-AB64-4F0BC4B6C1F1}.Debug|Any CPU.ActiveCfg = Debug|Any CPU
		{09453127-C7E6-4A12-AB64-4F0BC4B6C1F1}.Debug|Any CPU.Build.0 = Debug|Any CPU
		{09453127-C7E6-4A12-AB64-4F0BC4B6C1F1}.Release|Any CPU.ActiveCfg = Release|Any CPU
		{09453127-C7E6-4A12-AB64-4F0BC4B6C1F1}.Release|Any CPU.Build.0 = Release|Any CPU
	EndGlobalSection
	GlobalSection(SolutionProperties) = preSolution
		HideSolutionNode = FALSE
	EndGlobalSection
	GlobalSection(ExtensibilityGlobals) = postSolution
		SolutionGuid = {E87A4A1A-D95E-4B2B-B47D-DFDA1B645BF1}
	EndGlobalSection
EndGlobal
